
Microsoft Visual Studio Solution File, Format Version 12.00
# Visual Studio Version 17
VisualStudioVersion = 17.5.002.0
MinimumVisualStudioVersion = 10.0.40219.1
Project("{9A19103F-16F7-4668-BE54-9A1E7A4F7556}") = "IdentityApp", "IdentityApp.csproj", "{399481AB-932D-4726-AE6B-ED1D3DBA1ED9}"
EndProject
Global
	GlobalSection(SolutionConfigurationPlatforms) = preSolution
		Debug|Any CPU = Debug|Any CPU
		Release|Any CPU = Release|Any CPU
	EndGlobalSection
	GlobalSection(ProjectConfigurationPlatforms) = postSolution
		{399481AB-932D-4726-AE6B-ED1D3DBA1ED9}.Debug|Any CPU.ActiveCfg = Debug|Any CPU
		{399481AB-932D-4726-AE6B-ED1D3DBA1ED9}.Debug|Any CPU.Build.0 = Debug|Any CPU
		{399481AB-932D-4726-AE6B-ED1D3DBA1ED9}.Release|Any CPU.ActiveCfg = Release|Any CPU
		{399481AB-932D-4726-AE6B-ED1D3DBA1ED9}.Release|Any CPU.Build.0 = Release|Any CPU
	EndGlobalSection
	GlobalSection(SolutionProperties) = preSolution
		HideSolutionNode = FALSE
	EndGlobalSection
	GlobalSection(ExtensibilityGlobals) = postSolution
		SolutionGuid = {92FA8443-9176-41F3-A9F5-BEC26FFAA082}
	EndGlobalSection
EndGlobal
